
Microsoft Visual Studio Solution File, Format Version 12.00
# Visual Studio Version 17
VisualStudioVersion = 17.5.002.0
MinimumVisualStudioVersion = 10.0.40219.1
Project("{2150E333-8FDC-42A3-9474-1A3956D46DE8}") = "Back", "Back", "{0A839ABE-6E7C-4A5D-815B-FDBC559BAE72}"
EndProject
Project("{2150E333-8FDC-42A3-9474-1A3956D46DE8}") = "src", "src", "{B2704DD9-A276-4D46-9AB9-302FB7396900}"
EndProject
Project("{9A19103F-16F7-4668-BE54-9A1E7A4F7556}") = "ProEventos.API", "Back\src\ProEventos.API\ProEventos.API.csproj", "{23DC5237-F87A-403F-9B1B-D8431B74C71B}"
EndProject
Global
	GlobalSection(SolutionConfigurationPlatforms) = preSolution
		Debug|Any CPU = Debug|Any CPU
		Release|Any CPU = Release|Any CPU
	EndGlobalSection
	GlobalSection(ProjectConfigurationPlatforms) = postSolution
		{23DC5237-F87A-403F-9B1B-D8431B74C71B}.Debug|Any CPU.ActiveCfg = Debug|Any CPU
		{23DC5237-F87A-403F-9B1B-D8431B74C71B}.Debug|Any CPU.Build.0 = Debug|Any CPU
		{23DC5237-F87A-403F-9B1B-D8431B74C71B}.Release|Any CPU.ActiveCfg = Release|Any CPU
		{23DC5237-F87A-403F-9B1B-D8431B74C71B}.Release|Any CPU.Build.0 = Release|Any CPU
	EndGlobalSection
	GlobalSection(SolutionProperties) = preSolution
		HideSolutionNode = FALSE
	EndGlobalSection
	GlobalSection(NestedProjects) = preSolution
		{B2704DD9-A276-4D46-9AB9-302FB7396900} = {0A839ABE-6E7C-4A5D-815B-FDBC559BAE72}
		{23DC5237-F87A-403F-9B1B-D8431B74C71B} = {B2704DD9-A276-4D46-9AB9-302FB7396900}
	EndGlobalSection
	GlobalSection(ExtensibilityGlobals) = postSolution
		SolutionGuid = {51FC8859-3A5E-4CAD-8440-A0A751F1B49F}
	EndGlobalSection
EndGlobal
